<?xml version="1.0" encoding="utf-8"?>
<Project ToolsVersion="4.0" xmlns="http://schemas.microsoft.com/developer/msbuild/2003">
  <ItemGroup>
    <Filter Include="Source Files">
      <UniqueIdentifier>{4FC737F1-C7A5-4376-A066-2A32D752A2FF}</UniqueIdentifier>
      <Extensions>cpp;c;cc;cxx;def;odl;idl;hpj;bat;asm;asmx</Extensions>
    </Filter>
    <Filter Include="Header Files">
      <UniqueIdentifier>{93995380-89BD-4b04-88EB-625FBE52EBFB}</UniqueIdentifier>
      <Extensions>h;hh;hpp;hxx;hm;inl;inc;xsd</Extensions>
    </Filter>
    <Filter Include="Resource Files">
      <UniqueIdentifier>{67DA6AB6-F800-4c08-8B7A-83BB121AAD01}</UniqueIdentifier>
      <Extensions>rc;ico;cur;bmp;dlg;rc2;rct;bin;rgs;gif;jpg;jpeg;jpe;resx;tiff;tif;png;wav;mfcribbon-ms</Extensions>
    </Filter>
  </ItemGroup>
  <ItemGroup>
    <ClCompile Include="Tests.cpp">
      <Filter>Source Files</Filter>
    </ClCompile>
    <ClCompile Include="..\TOutput.cpp">
      <Filter>Source Files</Filter>
    </ClCompile>
    <ClCompile Include="..\concurrency\Monitor.cpp">
      <Filter>Source Files</Filter>
    </ClCompile>
    <ClCompile Include="..\concurrency\Mutex.cpp">
      <Filter>Source Files</Filter>
    </ClCompile>
    <ClCompile Include="..\concurrency\Thread.cpp">
      <Filter>Source Files</Filter>
    </ClCompile>
    <ClCompile Include="..\concurrency\ThreadFactory.cpp">
      <Filter>Source Files</Filter>
    </ClCompile>
    <ClCompile Include="..\concurrency\ThreadManager.cpp">
      <Filter>Source Files</Filter>
    </ClCompile>
    <ClCompile Include="..\concurrency\TimerManager.cpp">
      <Filter>Source Files</Filter>
    </ClCompile>
    <ClCompile Include="..\windows\GetTimeOfDay.cpp">
      <Filter>Source Files</Filter>
    </ClCompile>
    <ClCompile Include="..\agent\src\XMLreader.cpp">
      <Filter>Source Files</Filter>
    </ClCompile>
    <ClCompile Include="..\agent\tests\XMLreaderTests.cpp">
      <Filter>Source Files</Filter>
    </ClCompile>
    <ClCompile Include="..\async\TAsyncChannel.cpp">
      <Filter>Source Files</Filter>
    </ClCompile>
    <ClCompile Include="..\async\TAsyncProtocolProcessor.cpp">
      <Filter>Source Files</Filter>
    </ClCompile>
    <ClCompile Include="..\async\TConcurrentClientSyncInfo.cpp">
      <Filter>Source Files</Filter>
    </ClCompile>
    <ClCompile Include="..\protocol\TProtocol.cpp">
      <Filter>Source Files</Filter>
    </ClCompile>
    <ClCompile Include="..\transport\TTransportException.cpp">
      <Filter>Source Files</Filter>
    </ClCompile>
    <ClCompile Include="..\TApplicationException.cpp">
      <Filter>Source Files</Filter>
    </ClCompile>
  </ItemGroup>
  <ItemGroup>
    <ClInclude Include="ThreadFactoryTests.h">
      <Filter>Header Files</Filter>
    </ClInclude>
    <ClInclude Include="ThreadManagerTests.h">
      <Filter>Header Files</Filter>
    </ClInclude>
    <ClInclude Include="TimerManagerTests.h">
      <Filter>Header Files</Filter>
    </ClInclude>
    <ClInclude Include="..\NonCopyable.h">
      <Filter>Header Files</Filter>
    </ClInclude>
    <ClInclude Include="..\PlatformSocket.h">
      <Filter>Header Files</Filter>
    </ClInclude>
    <ClInclude Include="..\TOutput.h">
      <Filter>Header Files</Filter>
    </ClInclude>
    <ClInclude Include="..\TToString.h">
      <Filter>Header Files</Filter>
    </ClInclude>
    <ClInclude Include="..\concurrency\Exception.h">
      <Filter>Header Files</Filter>
    </ClInclude>
    <ClInclude Include="..\concurrency\FunctionRunner.h">
      <Filter>Header Files</Filter>
    </ClInclude>
    <ClInclude Include="..\concurrency\Monitor.h">
      <Filter>Header Files</Filter>
    </ClInclude>
    <ClInclude Include="..\concurrency\Mutex.h">
      <Filter>Header Files</Filter>
    </ClInclude>
    <ClInclude Include="..\concurrency\Thread.h">
      <Filter>Header Files</Filter>
    </ClInclude>
    <ClInclude Include="..\concurrency\ThreadFactory.h">
      <Filter>Header Files</Filter>
    </ClInclude>
    <ClInclude Include="..\concurrency\ThreadManager.h">
      <Filter>Header Files</Filter>
    </ClInclude>
    <ClInclude Include="..\concurrency\TimerManager.h">
      <Filter>Header Files</Filter>
    </ClInclude>
    <ClInclude Include="..\windows\GetTimeOfDay.h">
      <Filter>Header Files</Filter>
    </ClInclude>
    <ClInclude Include="..\TLogging.h">
      <Filter>Header Files</Filter>
    </ClInclude>
    <ClInclude Include="..\Thrx.h">
      <Filter>Header Files</Filter>
    </ClInclude>
    <ClInclude Include="..\Thrx_export.h">
      <Filter>Header Files</Filter>
    </ClInclude>
    <ClInclude Include="..\Thrx-config.h">
      <Filter>Header Files</Filter>
    </ClInclude>
    <ClInclude Include="..\windows\Config.h">
      <Filter>Header Files</Filter>
    </ClInclude>
    <ClInclude Include="..\agent\XMLreader.h">
      <Filter>Header Files</Filter>
    </ClInclude>
    <ClInclude Include="..\async\TAsyncBufferProcessor.h">
      <Filter>Header Files</Filter>
    </ClInclude>
    <ClInclude Include="..\async\TAsyncChannel.h">
      <Filter>Header Files</Filter>
    </ClInclude>
    <ClInclude Include="..\async\TAsyncDispatchProcessor.h">
      <Filter>Header Files</Filter>
    </ClInclude>
    <ClInclude Include="..\async\TAsyncProcessor.h">
      <Filter>Header Files</Filter>
    </ClInclude>
    <ClInclude Include="..\async\TAsyncProtocolProcessor.h">
      <Filter>Header Files</Filter>
    </ClInclude>
    <ClInclude Include="..\async\TConcurrentClientSyncInfo.h">
      <Filter>Header Files</Filter>
    </ClInclude>
    <ClInclude Include="..\TProcessor.h">
      <Filter>Header Files</Filter>
    </ClInclude>
    <ClInclude Include="..\protocol\TProtocol.h">
      <Filter>Header Files</Filter>
    </ClInclude>
    <ClInclude Include="..\protocol\TProtocolException.h">
      <Filter>Header Files</Filter>
    </ClInclude>
    <ClInclude Include="..\transport\TTransport.h">
      <Filter>Header Files</Filter>
    </ClInclude>
    <ClInclude Include="..\transport\TTransportException.h">
      <Filter>Header Files</Filter>
    </ClInclude>
    <ClInclude Include="..\TApplicationException.h">
      <Filter>Header Files</Filter>
    </ClInclude>
  </ItemGroup>
</Project>